
Microsoft Visual Studio Solution File, Format Version 12.00
# Visual Studio Version 16
VisualStudioVersion = 16.0.30011.22
MinimumVisualStudioVersion = 10.0.40219.1
Project("{9A19103F-16F7-4668-BE54-9A1E7A4F7556}") = "PollApp.Worker", "PollApp.Worker\PollApp.Worker.csproj", "{AD8D3330-60F8-49A3-A5BC-873CE40ECD69}"
EndProject
Project("{9A19103F-16F7-4668-BE54-9A1E7A4F7556}") = "PollApp.Web", "PollApp.Web\PollApp.Web.csproj", "{72A5FC66-3C39-4EF4-AFED-00AD0A603280}"
EndProject
Project("{9A19103F-16F7-4668-BE54-9A1E7A4F7556}") = "PollApp", "PollApp\PollApp.csproj", "{92920DB2-9A87-456C-AEE0-5B1CB8FBA6EA}"
EndProject
Project("{9A19103F-16F7-4668-BE54-9A1E7A4F7556}") = "PollApp.Storage.Cosmos", "PollApp.Storage.Cosmos\PollApp.Storage.Cosmos.csproj", "{8C8C5CC0-9593-4E3A-B888-208C395F61DC}"
EndProject
Project("{2150E333-8FDC-42A3-9474-1A3956D46DE8}") = "Solution Items", "Solution Items", "{B99D3088-2771-4110-AEDC-AA0D6A69D50B}"
	ProjectSection(SolutionItems) = preProject
		README.md = README.md
	EndProjectSection
EndProject
Global
	GlobalSection(SolutionConfigurationPlatforms) = preSolution
		Debug|Any CPU = Debug|Any CPU
		Release|Any CPU = Release|Any CPU
	EndGlobalSection
	GlobalSection(ProjectConfigurationPlatforms) = postSolution
		{AD8D3330-60F8-49A3-A5BC-873CE40ECD69}.Debug|Any CPU.ActiveCfg = Debug|Any CPU
		{AD8D3330-60F8-49A3-A5BC-873CE40ECD69}.Debug|Any CPU.Build.0 = Debug|Any CPU
		{AD8D3330-60F8-49A3-A5BC-873CE40ECD69}.Release|Any CPU.ActiveCfg = Release|Any CPU
		{AD8D3330-60F8-49A3-A5BC-873CE40ECD69}.Release|Any CPU.Build.0 = Release|Any CPU
		{72A5FC66-3C39-4EF4-AFED-00AD0A603280}.Debug|Any CPU.ActiveCfg = Debug|Any CPU
		{72A5FC66-3C39-4EF4-AFED-00AD0A603280}.Debug|Any CPU.Build.0 = Debug|Any CPU
		{72A5FC66-3C39-4EF4-AFED-00AD0A603280}.Release|Any CPU.ActiveCfg = Release|Any CPU
		{72A5FC66-3C39-4EF4-AFED-00AD0A603280}.Release|Any CPU.Build.0 = Release|Any CPU
		{92920DB2-9A87-456C-AEE0-5B1CB8FBA6EA}.Debug|Any CPU.ActiveCfg = Debug|Any CPU
		{92920DB2-9A87-456C-AEE0-5B1CB8FBA6EA}.Debug|Any CPU.Build.0 = Debug|Any CPU
		{92920DB2-9A87-456C-AEE0-5B1CB8FBA6EA}.Release|Any CPU.ActiveCfg = Release|Any CPU
		{92920DB2-9A87-456C-AEE0-5B1CB8FBA6EA}.Release|Any CPU.Build.0 = Release|Any CPU
		{8C8C5CC0-9593-4E3A-B888-208C395F61DC}.Debug|Any CPU.ActiveCfg = Debug|Any CPU
		{8C8C5CC0-9593-4E3A-B888-208C395F61DC}.Debug|Any CPU.Build.0 = Debug|Any CPU
		{8C8C5CC0-9593-4E3A-B888-208C395F61DC}.Release|Any CPU.ActiveCfg = Release|Any CPU
		{8C8C5CC0-9593-4E3A-B888-208C395F61DC}.Release|Any CPU.Build.0 = Release|Any CPU
	EndGlobalSection
	GlobalSection(SolutionProperties) = preSolution
		HideSolutionNode = FALSE
	EndGlobalSection
	GlobalSection(ExtensibilityGlobals) = postSolution
		SolutionGuid = {4F007D0B-70A5-4A4E-BA6D-DA758329584D}
	EndGlobalSection
EndGlobal
